
Microsoft Visual Studio Solution File, Format Version 12.00
# Visual Studio 2012
Project("{8BC9CEB8-8B4A-11D0-8D11-00A0C91BC942}") = "ShellSort", "ShellSort\ShellSort.vcxproj", "{D0FF469F-E443-4FD7-9ECA-932742FF0087}"
EndProject
Project("{8BC9CEB8-8B4A-11D0-8D11-00A0C91BC942}") = "ChainInsert", "ChainInsert\ChainInsert.vcxproj", "{F54BD4A3-B510-44CD-AF82-112605788A02}"
EndProject
Project("{8BC9CEB8-8B4A-11D0-8D11-00A0C91BC942}") = "SparseMartrix", "SparseMartrix\SparseMartrix.vcxproj", "{6FD3DF62-AF14-47E1-B780-D8F0EDBC387A}"
EndProject
Project("{8BC9CEB8-8B4A-11D0-8D11-00A0C91BC942}") = "CarRearrange", "CarRearrange\CarRearrange.vcxproj", "{9DB0F074-5D99-4E4D-8B69-8851293055EB}"
EndProject
Project("{8BC9CEB8-8B4A-11D0-8D11-00A0C91BC942}") = "SkipList", "SkipList\SkipList.vcxproj", "{E1A88316-BD4D-478B-9E03-1C1BEF6959A6}"
EndProject
Project("{8BC9CEB8-8B4A-11D0-8D11-00A0C91BC942}") = "LZWCompress", "LZWCompress\LZWCompress.vcxproj", "{90A85279-53BE-4910-BFEE-AE228B3745FD}"
EndProject
Project("{8BC9CEB8-8B4A-11D0-8D11-00A0C91BC942}") = "BinaryTree", "BinaryTree\BinaryTree.vcxproj", "{02713CB3-A44C-4792-A5B0-086A8FE282C6}"
EndProject
Project("{8BC9CEB8-8B4A-11D0-8D11-00A0C91BC942}") = "ClosureTest", "ClosureTest\ClosureTest.vcxproj", "{B5F31DD9-E7E6-4963-B06E-0D19AA759CB3}"
EndProject
Project("{8BC9CEB8-8B4A-11D0-8D11-00A0C91BC942}") = "UnionFind", "UnionFind\UnionFind.vcxproj", "{EDB55C8A-FAD8-4F69-8F79-DBBB03E81CA0}"
EndProject
Project("{8BC9CEB8-8B4A-11D0-8D11-00A0C91BC942}") = "Heap", "Heap\Heap.vcxproj", "{55F21C2B-F03C-4D14-8EA9-B1B58F6EF43E}"
EndProject
Project("{8BC9CEB8-8B4A-11D0-8D11-00A0C91BC942}") = "HeightBiasedLeftistTrees", "HeightBiasedLeftistTrees\HeightBiasedLeftistTrees.vcxproj", "{A6C491B6-6124-4D24-9338-4F2DFEC1754C}"
EndProject
Project("{8BC9CEB8-8B4A-11D0-8D11-00A0C91BC942}") = "TournamentTree", "TournamentTree\TournamentTree.vcxproj", "{A4B6D94E-2CDC-45BE-9F4D-F9834ED80114}"
EndProject
Project("{8BC9CEB8-8B4A-11D0-8D11-00A0C91BC942}") = "AVLTree", "AVLTree\AVLTree.vcxproj", "{E0443550-15E8-463D-BA11-BDBA60E8C742}"
EndProject
Project("{8BC9CEB8-8B4A-11D0-8D11-00A0C91BC942}") = "RedBlackTree", "RedBlackTree\RedBlackTree.vcxproj", "{3F5D5D1C-A692-42F7-B369-78C6099362B9}"
EndProject
Project("{8BC9CEB8-8B4A-11D0-8D11-00A0C91BC942}") = "Graph", "Graph\Graph.vcxproj", "{38A08938-7F2F-47AB-B997-C5EE6ABDE141}"
EndProject
Project("{8BC9CEB8-8B4A-11D0-8D11-00A0C91BC942}") = "MinMax", "MinMax\MinMax.vcxproj", "{59CC4E0A-0B5C-47C5-8107-2A8A33B03F3C}"
EndProject
Project("{8BC9CEB8-8B4A-11D0-8D11-00A0C91BC942}") = "DefectiveBoard", "DefectiveBoard\DefectiveBoard.vcxproj", "{54E2EB04-3810-4E1A-B241-D940608BBA52}"
EndProject
Project("{8BC9CEB8-8B4A-11D0-8D11-00A0C91BC942}") = "MergeSort", "MergeSort\MergeSort.vcxproj", "{03E975DF-EBC5-4067-B99E-6F19124B9E85}"
EndProject
Global
	GlobalSection(SolutionConfigurationPlatforms) = preSolution
		Debug|Win32 = Debug|Win32
		Release|Win32 = Release|Win32
	EndGlobalSection
	GlobalSection(ProjectConfigurationPlatforms) = postSolution
		{D0FF469F-E443-4FD7-9ECA-932742FF0087}.Debug|Win32.ActiveCfg = Debug|Win32
		{D0FF469F-E443-4FD7-9ECA-932742FF0087}.Debug|Win32.Build.0 = Debug|Win32
		{D0FF469F-E443-4FD7-9ECA-932742FF0087}.Release|Win32.ActiveCfg = Release|Win32
		{D0FF469F-E443-4FD7-9ECA-932742FF0087}.Release|Win32.Build.0 = Release|Win32
		{F54BD4A3-B510-44CD-AF82-112605788A02}.Debug|Win32.ActiveCfg = Debug|Win32
		{F54BD4A3-B510-44CD-AF82-112605788A02}.Debug|Win32.Build.0 = Debug|Win32
		{F54BD4A3-B510-44CD-AF82-112605788A02}.Release|Win32.ActiveCfg = Release|Win32
		{F54BD4A3-B510-44CD-AF82-112605788A02}.Release|Win32.Build.0 = Release|Win32
		{6FD3DF62-AF14-47E1-B780-D8F0EDBC387A}.Debug|Win32.ActiveCfg = Debug|Win32
		{6FD3DF62-AF14-47E1-B780-D8F0EDBC387A}.Debug|Win32.Build.0 = Debug|Win32
		{6FD3DF62-AF14-47E1-B780-D8F0EDBC387A}.Release|Win32.ActiveCfg = Release|Win32
		{6FD3DF62-AF14-47E1-B780-D8F0EDBC387A}.Release|Win32.Build.0 = Release|Win32
		{9DB0F074-5D99-4E4D-8B69-8851293055EB}.Debug|Win32.ActiveCfg = Debug|Win32
		{9DB0F074-5D99-4E4D-8B69-8851293055EB}.Debug|Win32.Build.0 = Debug|Win32
		{9DB0F074-5D99-4E4D-8B69-8851293055EB}.Release|Win32.ActiveCfg = Release|Win32
		{9DB0F074-5D99-4E4D-8B69-8851293055EB}.Release|Win32.Build.0 = Release|Win32
		{E1A88316-BD4D-478B-9E03-1C1BEF6959A6}.Debug|Win32.ActiveCfg = Debug|Win32
		{E1A88316-BD4D-478B-9E03-1C1BEF6959A6}.Debug|Win32.Build.0 = Debug|Win32
		{E1A88316-BD4D-478B-9E03-1C1BEF6959A6}.Release|Win32.ActiveCfg = Release|Win32
		{E1A88316-BD4D-478B-9E03-1C1BEF6959A6}.Release|Win32.Build.0 = Release|Win32
		{90A85279-53BE-4910-BFEE-AE228B3745FD}.Debug|Win32.ActiveCfg = Debug|Win32
		{90A85279-53BE-4910-BFEE-AE228B3745FD}.Debug|Win32.Build.0 = Debug|Win32
		{90A85279-53BE-4910-BFEE-AE228B3745FD}.Release|Win32.ActiveCfg = Release|Win32
		{90A85279-53BE-4910-BFEE-AE228B3745FD}.Release|Win32.Build.0 = Release|Win32
		{02713CB3-A44C-4792-A5B0-086A8FE282C6}.Debug|Win32.ActiveCfg = Debug|Win32
		{02713CB3-A44C-4792-A5B0-086A8FE282C6}.Debug|Win32.Build.0 = Debug|Win32
		{02713CB3-A44C-4792-A5B0-086A8FE282C6}.Release|Win32.ActiveCfg = Release|Win32
		{02713CB3-A44C-4792-A5B0-086A8FE282C6}.Release|Win32.Build.0 = Release|Win32
		{B5F31DD9-E7E6-4963-B06E-0D19AA759CB3}.Debug|Win32.ActiveCfg = Debug|Win32
		{B5F31DD9-E7E6-4963-B06E-0D19AA759CB3}.Debug|Win32.Build.0 = Debug|Win32
		{B5F31DD9-E7E6-4963-B06E-0D19AA759CB3}.Release|Win32.ActiveCfg = Release|Win32
		{B5F31DD9-E7E6-4963-B06E-0D19AA759CB3}.Release|Win32.Build.0 = Release|Win32
		{EDB55C8A-FAD8-4F69-8F79-DBBB03E81CA0}.Debug|Win32.ActiveCfg = Debug|Win32
		{EDB55C8A-FAD8-4F69-8F79-DBBB03E81CA0}.Debug|Win32.Build.0 = Debug|Win32
		{EDB55C8A-FAD8-4F69-8F79-DBBB03E81CA0}.Release|Win32.ActiveCfg = Release|Win32
		{EDB55C8A-FAD8-4F69-8F79-DBBB03E81CA0}.Release|Win32.Build.0 = Release|Win32
		{55F21C2B-F03C-4D14-8EA9-B1B58F6EF43E}.Debug|Win32.ActiveCfg = Debug|Win32
		{55F21C2B-F03C-4D14-8EA9-B1B58F6EF43E}.Debug|Win32.Build.0 = Debug|Win32
		{55F21C2B-F03C-4D14-8EA9-B1B58F6EF43E}.Release|Win32.ActiveCfg = Release|Win32
		{55F21C2B-F03C-4D14-8EA9-B1B58F6EF43E}.Release|Win32.Build.0 = Release|Win32
		{A6C491B6-6124-4D24-9338-4F2DFEC1754C}.Debug|Win32.ActiveCfg = Debug|Win32
		{A6C491B6-6124-4D24-9338-4F2DFEC1754C}.Debug|Win32.Build.0 = Debug|Win32
		{A6C491B6-6124-4D24-9338-4F2DFEC1754C}.Release|Win32.ActiveCfg = Release|Win32
		{A6C491B6-6124-4D24-9338-4F2DFEC1754C}.Release|Win32.Build.0 = Release|Win32
		{A4B6D94E-2CDC-45BE-9F4D-F9834ED80114}.Debug|Win32.ActiveCfg = Debug|Win32
		{A4B6D94E-2CDC-45BE-9F4D-F9834ED80114}.Debug|Win32.Build.0 = Debug|Win32
		{A4B6D94E-2CDC-45BE-9F4D-F9834ED80114}.Release|Win32.ActiveCfg = Release|Win32
		{A4B6D94E-2CDC-45BE-9F4D-F9834ED80114}.Release|Win32.Build.0 = Release|Win32
		{E0443550-15E8-463D-BA11-BDBA60E8C742}.Debug|Win32.ActiveCfg = Debug|Win32
		{E0443550-15E8-463D-BA11-BDBA60E8C742}.Debug|Win32.Build.0 = Debug|Win32
		{E0443550-15E8-463D-BA11-BDBA60E8C742}.Release|Win32.ActiveCfg = Release|Win32
		{E0443550-15E8-463D-BA11-BDBA60E8C742}.Release|Win32.Build.0 = Release|Win32
		{3F5D5D1C-A692-42F7-B369-78C6099362B9}.Debug|Win32.ActiveCfg = Debug|Win32
		{3F5D5D1C-A692-42F7-B369-78C6099362B9}.Debug|Win32.Build.0 = Debug|Win32
		{3F5D5D1C-A692-42F7-B369-78C6099362B9}.Release|Win32.ActiveCfg = Release|Win32
		{3F5D5D1C-A692-42F7-B369-78C6099362B9}.Release|Win32.Build.0 = Release|Win32
		{38A08938-7F2F-47AB-B997-C5EE6ABDE141}.Debug|Win32.ActiveCfg = Debug|Win32
		{38A08938-7F2F-47AB-B997-C5EE6ABDE141}.Debug|Win32.Build.0 = Debug|Win32
		{38A08938-7F2F-47AB-B997-C5EE6ABDE141}.Release|Win32.ActiveCfg = Release|Win32
		{38A08938-7F2F-47AB-B997-C5EE6ABDE141}.Release|Win32.Build.0 = Release|Win32
		{59CC4E0A-0B5C-47C5-8107-2A8A33B03F3C}.Debug|Win32.ActiveCfg = Debug|Win32
		{59CC4E0A-0B5C-47C5-8107-2A8A33B03F3C}.Debug|Win32.Build.0 = Debug|Win32
		{59CC4E0A-0B5C-47C5-8107-2A8A33B03F3C}.Release|Win32.ActiveCfg = Release|Win32
		{59CC4E0A-0B5C-47C5-8107-2A8A33B03F3C}.Release|Win32.Build.0 = Release|Win32
		{54E2EB04-3810-4E1A-B241-D940608BBA52}.Debug|Win32.ActiveCfg = Debug|Win32
		{54E2EB04-3810-4E1A-B241-D940608BBA52}.Debug|Win32.Build.0 = Debug|Win32
		{54E2EB04-3810-4E1A-B241-D940608BBA52}.Release|Win32.ActiveCfg = Release|Win32
		{54E2EB04-3810-4E1A-B241-D940608BBA52}.Release|Win32.Build.0 = Release|Win32
		{03E975DF-EBC5-4067-B99E-6F19124B9E85}.Debug|Win32.ActiveCfg = Debug|Win32
		{03E975DF-EBC5-4067-B99E-6F19124B9E85}.Debug|Win32.Build.0 = Debug|Win32
		{03E975DF-EBC5-4067-B99E-6F19124B9E85}.Release|Win32.ActiveCfg = Release|Win32
		{03E975DF-EBC5-4067-B99E-6F19124B9E85}.Release|Win32.Build.0 = Release|Win32
	EndGlobalSection
	GlobalSection(SolutionProperties) = preSolution
		HideSolutionNode = FALSE
	EndGlobalSection
EndGlobal
